// !$*UTF8*$!
{
	archiveVersion = 1;
	classes = {
	};
	objectVersion = 46;
	objects = {

/* Begin PBXBuildFile section */
		AD5AAA2A1D92A70F00557FDA /* Intercom.framework in Frameworks */ = {isa = PBXBuildFile; fileRef = AD5AAA291D92A70F00557FDA /* Intercom.framework */; };
		AD5AAA2B1D92A70F00557FDA /* Intercom.framework in Embed Frameworks */ = {isa = PBXBuildFile; fileRef = AD5AAA291D92A70F00557FDA /* Intercom.framework */; settings = {ATTRIBUTES = (CodeSignOnCopy, RemoveHeadersOnCopy, ); }; };
		ADEBAAA81D3F6D2A0016C6EC /* ITCAppDelegate.m in Sources */ = {isa = PBXBuildFile; fileRef = ADEBAAA11D3F6D2A0016C6EC /* ITCAppDelegate.m */; };
		ADEBAAA91D3F6D2A0016C6EC /* ITCViewController.m in Sources */ = {isa = PBXBuildFile; fileRef = ADEBAAA31D3F6D2A0016C6EC /* ITCViewController.m */; };
		ADEBAAAA1D3F6D2A0016C6EC /* main.m in Sources */ = {isa = PBXBuildFile; fileRef = ADEBAAA41D3F6D2A0016C6EC /* main.m */; };
		ADEBAAAB1D3F6D2A0016C6EC /* Images.xcassets in Resources */ = {isa = PBXBuildFile; fileRef = ADEBAAA51D3F6D2A0016C6EC /* Images.xcassets */; };
		ADEBAAB01D3F6D4B0016C6EC /* LaunchScreen.storyboard in Resources */ = {isa = PBXBuildFile; fileRef = ADEBAAAC1D3F6D4B0016C6EC /* LaunchScreen.storyboard */; };
		ADEBAAB11D3F6D4B0016C6EC /* Main.storyboard in Resources */ = {isa = PBXBuildFile; fileRef = ADEBAAAE1D3F6D4B0016C6EC /* Main.storyboard */; };
/* End PBXBuildFile section */

/* Begin PBXCopyFilesBuildPhase section */
		AD5AAA251D92897000557FDA /* Embed Frameworks */ = {
			isa = PBXCopyFilesBuildPhase;
			buildActionMask = 2147483647;
			dstPath = "";
			dstSubfolderSpec = 10;
			files = (
				AD5AAA2B1D92A70F00557FDA /* Intercom.framework in Embed Frameworks */,
			);
			name = "Embed Frameworks";
			runOnlyForDeploymentPostprocessing = 0;
		};
/* End PBXCopyFilesBuildPhase section */

/* Begin PBXFileReference section */
		1A0F1E081B034B7100DA78D2 /* Sample-ObjC.app */ = {isa = PBXFileReference; explicitFileType = wrapper.application; includeInIndex = 0; path = "Sample-ObjC.app"; sourceTree = BUILT_PRODUCTS_DIR; };
		AD5AAA291D92A70F00557FDA /* Intercom.framework */ = {isa = PBXFileReference; lastKnownFileType = wrapper.framework; name = Intercom.framework; path = ../../Intercom.framework; sourceTree = "<group>"; };
		ADEBAA9F1D3F6D2A0016C6EC /* Info.plist */ = {isa = PBXFileReference; fileEncoding = 4; lastKnownFileType = text.plist.xml; name = Info.plist; path = "Sample-ObjC/Info.plist"; sourceTree = SOURCE_ROOT; };
		ADEBAAA01D3F6D2A0016C6EC /* ITCAppDelegate.h */ = {isa = PBXFileReference; fileEncoding = 4; lastKnownFileType = sourcecode.c.h; name = ITCAppDelegate.h; path = "Sample-ObjC/ITCAppDelegate.h"; sourceTree = SOURCE_ROOT; };
		ADEBAAA11D3F6D2A0016C6EC /* ITCAppDelegate.m */ = {isa = PBXFileReference; fileEncoding = 4; lastKnownFileType = sourcecode.c.objc; name = ITCAppDelegate.m; path = "Sample-ObjC/ITCAppDelegate.m"; sourceTree = SOURCE_ROOT; };
		ADEBAAA21D3F6D2A0016C6EC /* ITCViewController.h */ = {isa = PBXFileReference; fileEncoding = 4; lastKnownFileType = sourcecode.c.h; name = ITCViewController.h; path = "Sample-ObjC/ITCViewController.h"; sourceTree = SOURCE_ROOT; };
		ADEBAAA31D3F6D2A0016C6EC /* ITCViewController.m */ = {isa = PBXFileReference; fileEncoding = 4; lastKnownFileType = sourcecode.c.objc; name = ITCViewController.m; path = "Sample-ObjC/ITCViewController.m"; sourceTree = SOURCE_ROOT; };
		ADEBAAA41D3F6D2A0016C6EC /* main.m */ = {isa = PBXFileReference; fileEncoding = 4; lastKnownFileType = sourcecode.c.objc; name = main.m; path = "Sample-ObjC/main.m"; sourceTree = SOURCE_ROOT; };
		ADEBAAA51D3F6D2A0016C6EC /* Images.xcassets */ = {isa = PBXFileReference; lastKnownFileType = folder.assetcatalog; name = Images.xcassets; path = "Sample-ObjC/Images.xcassets"; sourceTree = SOURCE_ROOT; };
		ADEBAAAD1D3F6D4B0016C6EC /* Base */ = {isa = PBXFileReference; lastKnownFileType = file.storyboard; name = Base; path = "Sample-ObjC/Base.lproj/LaunchScreen.storyboard"; sourceTree = SOURCE_ROOT; };
		ADEBAAAF1D3F6D4B0016C6EC /* Base */ = {isa = PBXFileReference; lastKnownFileType = file.storyboard; name = Base; path = "Sample-ObjC/Base.lproj/Main.storyboard"; sourceTree = SOURCE_ROOT; };
/* End PBXFileReference section */

/* Begin PBXFrameworksBuildPhase section */
		1A0F1E051B034B7100DA78D2 /* Frameworks */ = {
			isa = PBXFrameworksBuildPhase;
			buildActionMask = 2147483647;
			files = (
				AD5AAA2A1D92A70F00557FDA /* Intercom.framework in Frameworks */,
			);
			runOnlyForDeploymentPostprocessing = 0;
		};
/* End PBXFrameworksBuildPhase section */

/* Begin PBXGroup section */
		1A0F1DFF1B034B7100DA78D2 = {
			isa = PBXGroup;
			children = (
				AD5AAA291D92A70F00557FDA /* Intercom.framework */,
				1A0F1E0A1B034B7100DA78D2 /* Sample-ObjC */,
				1A0F1E091B034B7100DA78D2 /* Products */,
			);
			sourceTree = "<group>";
		};
		1A0F1E091B034B7100DA78D2 /* Products */ = {
			isa = PBXGroup;
			children = (
				1A0F1E081B034B7100DA78D2 /* Sample-ObjC.app */,
			);
			name = Products;
			sourceTree = "<group>";
		};
		1A0F1E0A1B034B7100DA78D2 /* Sample-ObjC */ = {
			isa = PBXGroup;
			children = (
				ADEBAAA01D3F6D2A0016C6EC /* ITCAppDelegate.h */,
				ADEBAAA11D3F6D2A0016C6EC /* ITCAppDelegate.m */,
				ADEBAAA21D3F6D2A0016C6EC /* ITCViewController.h */,
				ADEBAAA31D3F6D2A0016C6EC /* ITCViewController.m */,
				ADEBAAAC1D3F6D4B0016C6EC /* LaunchScreen.storyboard */,
				ADEBAAAE1D3F6D4B0016C6EC /* Main.storyboard */,
				ADEBAAA51D3F6D2A0016C6EC /* Images.xcassets */,
				1A0F1E0B1B034B7100DA78D2 /* Supporting Files */,
			);
			name = "Sample-ObjC";
			path = Sample;
			sourceTree = "<group>";
		};
		1A0F1E0B1B034B7100DA78D2 /* Supporting Files */ = {
			isa = PBXGroup;
			children = (
				ADEBAAA41D3F6D2A0016C6EC /* main.m */,
				ADEBAA9F1D3F6D2A0016C6EC /* Info.plist */,
			);
			name = "Supporting Files";
			sourceTree = "<group>";
		};
/* End PBXGroup section */

/* Begin PBXNativeTarget section */
		1A0F1E071B034B7100DA78D2 /* Sample-ObjC */ = {
			isa = PBXNativeTarget;
			buildConfigurationList = 1A0F1E2B1B034B7100DA78D2 /* Build configuration list for PBXNativeTarget "Sample-ObjC" */;
			buildPhases = (
				1A0F1E041B034B7100DA78D2 /* Sources */,
				1A0F1E051B034B7100DA78D2 /* Frameworks */,
				1A0F1E061B034B7100DA78D2 /* Resources */,
				AD5AAA251D92897000557FDA /* Embed Frameworks */,
			);
			buildRules = (
			);
			dependencies = (
			);
			name = "Sample-ObjC";
			productName = Sample;
			productReference = 1A0F1E081B034B7100DA78D2 /* Sample-ObjC.app */;
			productType = "com.apple.product-type.application";
		};
/* End PBXNativeTarget section */

/* Begin PBXProject section */
		1A0F1E001B034B7100DA78D2 /* Project object */ = {
			isa = PBXProject;
			attributes = {
				LastUpgradeCheck = 0910;
				ORGANIZATIONNAME = Intercom;
				TargetAttributes = {
					1A0F1E071B034B7100DA78D2 = {
						CreatedOnToolsVersion = 6.3.1;
						DevelopmentTeam = T5C9P2N824;
						ProvisioningStyle = Manual;
					};
				};
			};
			buildConfigurationList = 1A0F1E031B034B7100DA78D2 /* Build configuration list for PBXProject "Sample-ObjC" */;
			compatibilityVersion = "Xcode 3.2";
			developmentRegion = English;
			hasScannedForEncodings = 0;
			knownRegions = (
				en,
				Base,
			);
			mainGroup = 1A0F1DFF1B034B7100DA78D2;
			productRefGroup = 1A0F1E091B034B7100DA78D2 /* Products */;
			projectDirPath = "";
			projectRoot = "";
			targets = (
				1A0F1E071B034B7100DA78D2 /* Sample-ObjC */,
			);
		};
/* End PBXProject section */

/* Begin PBXResourcesBuildPhase section */
		1A0F1E061B034B7100DA78D2 /* Resources */ = {
			isa = PBXResourcesBuildPhase;
			buildActionMask = 2147483647;
			files = (
				ADEBAAB01D3F6D4B0016C6EC /* LaunchScreen.storyboard in Resources */,
				ADEBAAAB1D3F6D2A0016C6EC /* Images.xcassets in Resources */,
				ADEBAAB11D3F6D4B0016C6EC /* Main.storyboard in Resources */,
			);
			runOnlyForDeploymentPostprocessing = 0;
		};
/* End PBXResourcesBuildPhase section */

/* Begin PBXSourcesBuildPhase section */
		1A0F1E041B034B7100DA78D2 /* Sources */ = {
			isa = PBXSourcesBuildPhase;
			buildActionMask = 2147483647;
			files = (
				ADEBAAA91D3F6D2A0016C6EC /* ITCViewController.m in Sources */,
				ADEBAAAA1D3F6D2A0016C6EC /* main.m in Sources */,
				ADEBAAA81D3F6D2A0016C6EC /* ITCAppDelegate.m in Sources */,
			);
			runOnlyForDeploymentPostprocessing = 0;
		};
/* End PBXSourcesBuildPhase section */

/* Begin PBXVariantGroup section */
		ADEBAAAC1D3F6D4B0016C6EC /* LaunchScreen.storyboard */ = {
			isa = PBXVariantGroup;
			children = (
				ADEBAAAD1D3F6D4B0016C6EC /* Base */,
			);
			name = LaunchScreen.storyboard;
			sourceTree = "<group>";
		};
		ADEBAAAE1D3F6D4B0016C6EC /* Main.storyboard */ = {
			isa = PBXVariantGroup;
			children = (
				ADEBAAAF1D3F6D4B0016C6EC /* Base */,
			);
			name = Main.storyboard;
			sourceTree = "<group>";
		};
/* End PBXVariantGroup section */

/* Begin XCBuildConfiguration section */
		1A0F1E291B034B7100DA78D2 /* Debug */ = {
			isa = XCBuildConfiguration;
			buildSettings = {
				ALWAYS_SEARCH_USER_PATHS = NO;
				CLANG_CXX_LANGUAGE_STANDARD = "gnu++0x";
				CLANG_CXX_LIBRARY = "libc++";
				CLANG_ENABLE_MODULES = YES;
				CLANG_ENABLE_OBJC_ARC = YES;
				CLANG_WARN_BLOCK_CAPTURE_AUTORELEASING = YES;
				CLANG_WARN_BOOL_CONVERSION = YES;
				CLANG_WARN_COMMA = YES;
				CLANG_WARN_CONSTANT_CONVERSION = YES;
				CLANG_WARN_DIRECT_OBJC_ISA_USAGE = YES_ERROR;
				CLANG_WARN_EMPTY_BODY = YES;
				CLANG_WARN_ENUM_CONVERSION = YES;
				CLANG_WARN_INFINITE_RECURSION = YES;
				CLANG_WARN_INT_CONVERSION = YES;
				CLANG_WARN_NON_LITERAL_NULL_CONVERSION = YES;
				CLANG_WARN_OBJC_LITERAL_CONVERSION = YES;
				CLANG_WARN_OBJC_ROOT_CLASS = YES_ERROR;
				CLANG_WARN_RANGE_LOOP_ANALYSIS = YES;
				CLANG_WARN_STRICT_PROTOTYPES = YES;
				CLANG_WARN_SUSPICIOUS_MOVE = YES;
				CLANG_WARN_UNREACHABLE_CODE = YES;
				CLANG_WARN__DUPLICATE_METHOD_MATCH = YES;
				"CODE_SIGN_IDENTITY[sdk=iphoneos*]" = "iPhone Developer";
				COPY_PHASE_STRIP = NO;
				DEBUG_INFORMATION_FORMAT = "dwarf-with-dsym";
				ENABLE_STRICT_OBJC_MSGSEND = YES;
				ENABLE_TESTABILITY = YES;
				GCC_C_LANGUAGE_STANDARD = gnu99;
				GCC_DYNAMIC_NO_PIC = NO;
				GCC_NO_COMMON_BLOCKS = YES;
				GCC_OPTIMIZATION_LEVEL = 0;
				GCC_PREPROCESSOR_DEFINITIONS = (
					"DEBUG=1",
					"$(inherited)",
				);
				GCC_SYMBOLS_PRIVATE_EXTERN = NO;
				GCC_WARN_64_TO_32_BIT_CONVERSION = YES;
				GCC_WARN_ABOUT_RETURN_TYPE = YES_ERROR;
				GCC_WARN_UNDECLARED_SELECTOR = YES;
				GCC_WARN_UNINITIALIZED_AUTOS = YES_AGGRESSIVE;
				GCC_WARN_UNUSED_FUNCTION = YES;
				GCC_WARN_UNUSED_VARIABLE = YES;
				IPHONEOS_DEPLOYMENT_TARGET = 8.0;
				MTL_ENABLE_DEBUG_INFO = YES;
				ONLY_ACTIVE_ARCH = YES;
				SDKROOT = iphoneos;
			};
			name = Debug;
		};
		1A0F1E2A1B034B7100DA78D2 /* Release */ = {
			isa = XCBuildConfiguration;
			buildSettings = {
				ALWAYS_SEARCH_USER_PATHS = NO;
				CLANG_CXX_LANGUAGE_STANDARD = "gnu++0x";
				CLANG_CXX_LIBRARY = "libc++";
				CLANG_ENABLE_MODULES = YES;
				CLANG_ENABLE_OBJC_ARC = YES;
				CLANG_WARN_BLOCK_CAPTURE_AUTORELEASING = YES;
				CLANG_WARN_BOOL_CONVERSION = YES;
				CLANG_WARN_COMMA = YES;
				CLANG_WARN_CONSTANT_CONVERSION = YES;
				CLANG_WARN_DIRECT_OBJC_ISA_USAGE = YES_ERROR;
				CLANG_WARN_EMPTY_BODY = YES;
				CLANG_WARN_ENUM_CONVERSION = YES;
				CLANG_WARN_INFINITE_RECURSION = YES;
				CLANG_WARN_INT_CONVERSION = YES;
				CLANG_WARN_NON_LITERAL_NULL_CONVERSION = YES;
				CLANG_WARN_OBJC_LITERAL_CONVERSION = YES;
				CLANG_WARN_OBJC_ROOT_CLASS = YES_ERROR;
				CLANG_WARN_RANGE_LOOP_ANALYSIS = YES;
				CLANG_WARN_STRICT_PROTOTYPES = YES;
				CLANG_WARN_SUSPICIOUS_MOVE = YES;
				CLANG_WARN_UNREACHABLE_CODE = YES;
				CLANG_WARN__DUPLICATE_METHOD_MATCH = YES;
				"CODE_SIGN_IDENTITY[sdk=iphoneos*]" = "iPhone Developer";
				COPY_PHASE_STRIP = NO;
				DEBUG_INFORMATION_FORMAT = "dwarf-with-dsym";
				ENABLE_NS_ASSERTIONS = NO;
				ENABLE_STRICT_OBJC_MSGSEND = YES;
				GCC_C_LANGUAGE_STANDARD = gnu99;
				GCC_NO_COMMON_BLOCKS = YES;
				GCC_WARN_64_TO_32_BIT_CONVERSION = YES;
				GCC_WARN_ABOUT_RETURN_TYPE = YES_ERROR;
				GCC_WARN_UNDECLARED_SELECTOR = YES;
				GCC_WARN_UNINITIALIZED_AUTOS = YES_AGGRESSIVE;
				GCC_WARN_UNUSED_FUNCTION = YES;
				GCC_WARN_UNUSED_VARIABLE = YES;
				IPHONEOS_DEPLOYMENT_TARGET = 8.0;
				MTL_ENABLE_DEBUG_INFO = NO;
				SDKROOT = iphoneos;
				VALIDATE_PRODUCT = YES;
			};
			name = Release;
		};
		1A0F1E2C1B034B7100DA78D2 /* Debug */ = {
			isa = XCBuildConfiguration;
			buildSettings = {
				ASSETCATALOG_COMPILER_APPICON_NAME = AppIcon;
				CODE_SIGN_IDENTITY = "iPhone Developer";
				"CODE_SIGN_IDENTITY[sdk=iphoneos*]" = "iPhone Developer";
				DEVELOPMENT_TEAM = T5C9P2N824;
				FRAMEWORK_SEARCH_PATHS = (
					"$(inherited)",
					"$(PROJECT_DIR)",
					"$(PROJECT_DIR)/../../",
				);
				INFOPLIST_FILE = "$(SRCROOT)/Sample-ObjC/Info.plist";
				IPHONEOS_DEPLOYMENT_TARGET = 8.0;
				LD_RUNPATH_SEARCH_PATHS = "$(inherited) @executable_path/Frameworks";
				PRODUCT_BUNDLE_IDENTIFIER = "io.intercom.$(PRODUCT_NAME:rfc1034identifier)";
				PRODUCT_NAME = "Sample-ObjC";
				PROVISIONING_PROFILE = "eceab9ff-a291-4edf-a36e-4be7d6004b75";
				PROVISIONING_PROFILE_SPECIFIER = "Wildcard Intercom Dev";
				TARGETED_DEVICE_FAMILY = "1,2";
			};
			name = Debug;
		};
		1A0F1E2D1B034B7100DA78D2 /* Release */ = {
			isa = XCBuildConfiguration;
			buildSettings = {
				ASSETCATALOG_COMPILER_APPICON_NAME = AppIcon;
				CODE_SIGN_IDENTITY = "iPhone Developer";
				"CODE_SIGN_IDENTITY[sdk=iphoneos*]" = "iPhone Distribution";
				DEVELOPMENT_TEAM = T5C9P2N824;
				FRAMEWORK_SEARCH_PATHS = (
					"$(inherited)",
					"$(PROJECT_DIR)",
					"$(PROJECT_DIR)/../../",
				);
				INFOPLIST_FILE = "$(SRCROOT)/Sample-ObjC/Info.plist";
				IPHONEOS_DEPLOYMENT_TARGET = 8.0;
				LD_RUNPATH_SEARCH_PATHS = "$(inherited) @executable_path/Frameworks";
				PRODUCT_BUNDLE_IDENTIFIER = "io.intercom.$(PRODUCT_NAME:rfc1034identifier)";
				PRODUCT_NAME = "Sample-ObjC";
				PROVISIONING_PROFILE = "d69d4463-41e8-4e0f-aac6-5caec061a98d";
				PROVISIONING_PROFILE_SPECIFIER = "Wildcard Distibution";
				TARGETED_DEVICE_FAMILY = "1,2";
			};
			name = Release;
		};
/* End XCBuildConfiguration section */

/* Begin XCConfigurationList section */
		1A0F1E031B034B7100DA78D2 /* Build configuration list for PBXProject "Sample-ObjC" */ = {
			isa = XCConfigurationList;
			buildConfigurations = (
				1A0F1E291B034B7100DA78D2 /* Debug */,
				1A0F1E2A1B034B7100DA78D2 /* Release */,
			);
			defaultConfigurationIsVisible = 0;
			defaultConfigurationName = Release;
		};
		1A0F1E2B1B034B7100DA78D2 /* Build configuration list for PBXNativeTarget "Sample-ObjC" */ = {
			isa = XCConfigurationList;
			buildConfigurations = (
				1A0F1E2C1B034B7100DA78D2 /* Debug */,
				1A0F1E2D1B034B7100DA78D2 /* Release */,
			);
			defaultConfigurationIsVisible = 0;
			defaultConfigurationName = Release;
		};
/* End XCConfigurationList section */
	};
	rootObject = 1A0F1E001B034B7100DA78D2 /* Project object */;
}
