// !$*UTF8*$!
{
	archiveVersion = 1;
	classes = {
	};
	objectVersion = 46;
	objects = {

/* Begin PBXBuildFile section */
		4BA21BDDC3AC5BFBB3AFBF5F /* Pods_Sample_Swift.framework in Frameworks */ = {isa = PBXBuildFile; fileRef = EC1D84AE4C02DF8AEA0B0636 /* Pods_Sample_Swift.framework */; };
		ADEBAA8D1D3F6AE40016C6EC /* AppDelegate.swift in Sources */ = {isa = PBXBuildFile; fileRef = ADEBAA8C1D3F6AE40016C6EC /* AppDelegate.swift */; };
		ADEBAA8F1D3F6AE40016C6EC /* ViewController.swift in Sources */ = {isa = PBXBuildFile; fileRef = ADEBAA8E1D3F6AE40016C6EC /* ViewController.swift */; };
		ADEBAA921D3F6AE40016C6EC /* Main.storyboard in Resources */ = {isa = PBXBuildFile; fileRef = ADEBAA901D3F6AE40016C6EC /* Main.storyboard */; };
		ADEBAA941D3F6AE40016C6EC /* Assets.xcassets in Resources */ = {isa = PBXBuildFile; fileRef = ADEBAA931D3F6AE40016C6EC /* Assets.xcassets */; };
		ADEBAA971D3F6AE40016C6EC /* LaunchScreen.storyboard in Resources */ = {isa = PBXBuildFile; fileRef = ADEBAA951D3F6AE40016C6EC /* LaunchScreen.storyboard */; };
/* End PBXBuildFile section */

/* Begin PBXFileReference section */
		6EAAEED6D5BB60CE4306DC7D /* Pods-Sample-Swift.release.xcconfig */ = {isa = PBXFileReference; includeInIndex = 1; lastKnownFileType = text.xcconfig; name = "Pods-Sample-Swift.release.xcconfig"; path = "Pods/Target Support Files/Pods-Sample-Swift/Pods-Sample-Swift.release.xcconfig"; sourceTree = "<group>"; };
		ADEBAA891D3F6AE40016C6EC /* Sample-Swift.app */ = {isa = PBXFileReference; explicitFileType = wrapper.application; includeInIndex = 0; path = "Sample-Swift.app"; sourceTree = BUILT_PRODUCTS_DIR; };
		ADEBAA8C1D3F6AE40016C6EC /* AppDelegate.swift */ = {isa = PBXFileReference; lastKnownFileType = sourcecode.swift; path = AppDelegate.swift; sourceTree = "<group>"; };
		ADEBAA8E1D3F6AE40016C6EC /* ViewController.swift */ = {isa = PBXFileReference; lastKnownFileType = sourcecode.swift; path = ViewController.swift; sourceTree = "<group>"; };
		ADEBAA911D3F6AE40016C6EC /* Base */ = {isa = PBXFileReference; lastKnownFileType = file.storyboard; name = Base; path = Base.lproj/Main.storyboard; sourceTree = "<group>"; };
		ADEBAA931D3F6AE40016C6EC /* Assets.xcassets */ = {isa = PBXFileReference; lastKnownFileType = folder.assetcatalog; path = Assets.xcassets; sourceTree = "<group>"; };
		ADEBAA961D3F6AE40016C6EC /* Base */ = {isa = PBXFileReference; lastKnownFileType = file.storyboard; name = Base; path = Base.lproj/LaunchScreen.storyboard; sourceTree = "<group>"; };
		ADEBAA981D3F6AE40016C6EC /* Info.plist */ = {isa = PBXFileReference; lastKnownFileType = text.plist.xml; path = Info.plist; sourceTree = "<group>"; };
		BA576DC7EB1A00BC52C893AB /* Pods-Sample-Swift.debug.xcconfig */ = {isa = PBXFileReference; includeInIndex = 1; lastKnownFileType = text.xcconfig; name = "Pods-Sample-Swift.debug.xcconfig"; path = "Pods/Target Support Files/Pods-Sample-Swift/Pods-Sample-Swift.debug.xcconfig"; sourceTree = "<group>"; };
		EC1D84AE4C02DF8AEA0B0636 /* Pods_Sample_Swift.framework */ = {isa = PBXFileReference; explicitFileType = wrapper.framework; includeInIndex = 0; path = Pods_Sample_Swift.framework; sourceTree = BUILT_PRODUCTS_DIR; };
/* End PBXFileReference section */

/* Begin PBXFrameworksBuildPhase section */
		ADEBAA861D3F6AE40016C6EC /* Frameworks */ = {
			isa = PBXFrameworksBuildPhase;
			buildActionMask = 2147483647;
			files = (
				4BA21BDDC3AC5BFBB3AFBF5F /* Pods_Sample_Swift.framework in Frameworks */,
			);
			runOnlyForDeploymentPostprocessing = 0;
		};
/* End PBXFrameworksBuildPhase section */

/* Begin PBXGroup section */
		24D04F9C8EF1A4F58117454D /* Pods */ = {
			isa = PBXGroup;
			children = (
				BA576DC7EB1A00BC52C893AB /* Pods-Sample-Swift.debug.xcconfig */,
				6EAAEED6D5BB60CE4306DC7D /* Pods-Sample-Swift.release.xcconfig */,
			);
			name = Pods;
			sourceTree = "<group>";
		};
		ADEBAA801D3F6AE40016C6EC = {
			isa = PBXGroup;
			children = (
				ADEBAA8B1D3F6AE40016C6EC /* Sample-Swift */,
				ADEBAA8A1D3F6AE40016C6EC /* Products */,
				24D04F9C8EF1A4F58117454D /* Pods */,
				BE44021199CF7B17AD4E4BF3 /* Frameworks */,
			);
			sourceTree = "<group>";
		};
		ADEBAA8A1D3F6AE40016C6EC /* Products */ = {
			isa = PBXGroup;
			children = (
				ADEBAA891D3F6AE40016C6EC /* Sample-Swift.app */,
			);
			name = Products;
			sourceTree = "<group>";
		};
		ADEBAA8B1D3F6AE40016C6EC /* Sample-Swift */ = {
			isa = PBXGroup;
			children = (
				ADEBAA8C1D3F6AE40016C6EC /* AppDelegate.swift */,
				ADEBAA8E1D3F6AE40016C6EC /* ViewController.swift */,
				ADEBAA901D3F6AE40016C6EC /* Main.storyboard */,
				ADEBAA931D3F6AE40016C6EC /* Assets.xcassets */,
				ADEBAA951D3F6AE40016C6EC /* LaunchScreen.storyboard */,
				ADEBAA981D3F6AE40016C6EC /* Info.plist */,
			);
			path = "Sample-Swift";
			sourceTree = "<group>";
		};
		BE44021199CF7B17AD4E4BF3 /* Frameworks */ = {
			isa = PBXGroup;
			children = (
				EC1D84AE4C02DF8AEA0B0636 /* Pods_Sample_Swift.framework */,
			);
			name = Frameworks;
			sourceTree = "<group>";
		};
/* End PBXGroup section */

/* Begin PBXNativeTarget section */
		ADEBAA881D3F6AE40016C6EC /* Sample-Swift */ = {
			isa = PBXNativeTarget;
			buildConfigurationList = ADEBAA9B1D3F6AE40016C6EC /* Build configuration list for PBXNativeTarget "Sample-Swift" */;
			buildPhases = (
				C3BC2E8602BD9313900C98FD /* [CP] Check Pods Manifest.lock */,
				ADEBAA851D3F6AE40016C6EC /* Sources */,
				ADEBAA861D3F6AE40016C6EC /* Frameworks */,
				ADEBAA871D3F6AE40016C6EC /* Resources */,
				6463EA671B477B75F51D8EEC /* [CP] Embed Pods Frameworks */,
				ECC79028754FCD0A38FED816 /* [CP] Copy Pods Resources */,
			);
			buildRules = (
			);
			dependencies = (
			);
			name = "Sample-Swift";
			productName = "Sample-Swift";
			productReference = ADEBAA891D3F6AE40016C6EC /* Sample-Swift.app */;
			productType = "com.apple.product-type.application";
		};
/* End PBXNativeTarget section */

/* Begin PBXProject section */
		ADEBAA811D3F6AE40016C6EC /* Project object */ = {
			isa = PBXProject;
			attributes = {
				LastSwiftUpdateCheck = 0730;
				LastUpgradeCheck = 0730;
				ORGANIZATIONNAME = Intercom;
				TargetAttributes = {
					ADEBAA881D3F6AE40016C6EC = {
						CreatedOnToolsVersion = 7.3.1;
					};
				};
			};
			buildConfigurationList = ADEBAA841D3F6AE40016C6EC /* Build configuration list for PBXProject "Sample-Swift" */;
			compatibilityVersion = "Xcode 3.2";
			developmentRegion = English;
			hasScannedForEncodings = 0;
			knownRegions = (
				en,
				Base,
			);
			mainGroup = ADEBAA801D3F6AE40016C6EC;
			productRefGroup = ADEBAA8A1D3F6AE40016C6EC /* Products */;
			projectDirPath = "";
			projectRoot = "";
			targets = (
				ADEBAA881D3F6AE40016C6EC /* Sample-Swift */,
			);
		};
/* End PBXProject section */

/* Begin PBXResourcesBuildPhase section */
		ADEBAA871D3F6AE40016C6EC /* Resources */ = {
			isa = PBXResourcesBuildPhase;
			buildActionMask = 2147483647;
			files = (
				ADEBAA971D3F6AE40016C6EC /* LaunchScreen.storyboard in Resources */,
				ADEBAA941D3F6AE40016C6EC /* Assets.xcassets in Resources */,
				ADEBAA921D3F6AE40016C6EC /* Main.storyboard in Resources */,
			);
			runOnlyForDeploymentPostprocessing = 0;
		};
/* End PBXResourcesBuildPhase section */

/* Begin PBXShellScriptBuildPhase section */
		6463EA671B477B75F51D8EEC /* [CP] Embed Pods Frameworks */ = {
			isa = PBXShellScriptBuildPhase;
			buildActionMask = 2147483647;
			files = (
			);
			inputPaths = (
			);
			name = "[CP] Embed Pods Frameworks";
			outputPaths = (
			);
			runOnlyForDeploymentPostprocessing = 0;
			shellPath = /bin/sh;
			shellScript = "\"${SRCROOT}/Pods/Target Support Files/Pods-Sample-Swift/Pods-Sample-Swift-frameworks.sh\"\n";
			showEnvVarsInLog = 0;
		};
		C3BC2E8602BD9313900C98FD /* [CP] Check Pods Manifest.lock */ = {
			isa = PBXShellScriptBuildPhase;
			buildActionMask = 2147483647;
			files = (
			);
			inputPaths = (
			);
			name = "[CP] Check Pods Manifest.lock";
			outputPaths = (
			);
			runOnlyForDeploymentPostprocessing = 0;
			shellPath = /bin/sh;
			shellScript = "diff \"${PODS_ROOT}/../Podfile.lock\" \"${PODS_ROOT}/Manifest.lock\" > /dev/null\nif [[ $? != 0 ]] ; then\n    cat << EOM\nerror: The sandbox is not in sync with the Podfile.lock. Run 'pod install' or update your CocoaPods installation.\nEOM\n    exit 1\nfi\n";
			showEnvVarsInLog = 0;
		};
		ECC79028754FCD0A38FED816 /* [CP] Copy Pods Resources */ = {
			isa = PBXShellScriptBuildPhase;
			buildActionMask = 2147483647;
			files = (
			);
			inputPaths = (
			);
			name = "[CP] Copy Pods Resources";
			outputPaths = (
			);
			runOnlyForDeploymentPostprocessing = 0;
			shellPath = /bin/sh;
			shellScript = "\"${SRCROOT}/Pods/Target Support Files/Pods-Sample-Swift/Pods-Sample-Swift-resources.sh\"\n";
			showEnvVarsInLog = 0;
		};
/* End PBXShellScriptBuildPhase section */

/* Begin PBXSourcesBuildPhase section */
		ADEBAA851D3F6AE40016C6EC /* Sources */ = {
			isa = PBXSourcesBuildPhase;
			buildActionMask = 2147483647;
			files = (
				ADEBAA8F1D3F6AE40016C6EC /* ViewController.swift in Sources */,
				ADEBAA8D1D3F6AE40016C6EC /* AppDelegate.swift in Sources */,
			);
			runOnlyForDeploymentPostprocessing = 0;
		};
/* End PBXSourcesBuildPhase section */

/* Begin PBXVariantGroup section */
		ADEBAA901D3F6AE40016C6EC /* Main.storyboard */ = {
			isa = PBXVariantGroup;
			children = (
				ADEBAA911D3F6AE40016C6EC /* Base */,
			);
			name = Main.storyboard;
			sourceTree = "<group>";
		};
		ADEBAA951D3F6AE40016C6EC /* LaunchScreen.storyboard */ = {
			isa = PBXVariantGroup;
			children = (
				ADEBAA961D3F6AE40016C6EC /* Base */,
			);
			name = LaunchScreen.storyboard;
			sourceTree = "<group>";
		};
/* End PBXVariantGroup section */

/* Begin XCBuildConfiguration section */
		ADEBAA991D3F6AE40016C6EC /* Debug */ = {
			isa = XCBuildConfiguration;
			buildSettings = {
				ALWAYS_SEARCH_USER_PATHS = NO;
				CLANG_ANALYZER_NONNULL = YES;
				CLANG_CXX_LANGUAGE_STANDARD = "gnu++0x";
				CLANG_CXX_LIBRARY = "libc++";
				CLANG_ENABLE_MODULES = YES;
				CLANG_ENABLE_OBJC_ARC = YES;
				CLANG_WARN_BOOL_CONVERSION = YES;
				CLANG_WARN_CONSTANT_CONVERSION = YES;
				CLANG_WARN_DIRECT_OBJC_ISA_USAGE = YES_ERROR;
				CLANG_WARN_EMPTY_BODY = YES;
				CLANG_WARN_ENUM_CONVERSION = YES;
				CLANG_WARN_INT_CONVERSION = YES;
				CLANG_WARN_OBJC_ROOT_CLASS = YES_ERROR;
				CLANG_WARN_UNREACHABLE_CODE = YES;
				CLANG_WARN__DUPLICATE_METHOD_MATCH = YES;
				"CODE_SIGN_IDENTITY[sdk=iphoneos*]" = "iPhone Developer";
				COPY_PHASE_STRIP = NO;
				DEBUG_INFORMATION_FORMAT = dwarf;
				ENABLE_STRICT_OBJC_MSGSEND = YES;
				ENABLE_TESTABILITY = YES;
				GCC_C_LANGUAGE_STANDARD = gnu99;
				GCC_DYNAMIC_NO_PIC = NO;
				GCC_NO_COMMON_BLOCKS = YES;
				GCC_OPTIMIZATION_LEVEL = 0;
				GCC_PREPROCESSOR_DEFINITIONS = (
					"DEBUG=1",
					"$(inherited)",
				);
				GCC_WARN_64_TO_32_BIT_CONVERSION = YES;
				GCC_WARN_ABOUT_RETURN_TYPE = YES_ERROR;
				GCC_WARN_UNDECLARED_SELECTOR = YES;
				GCC_WARN_UNINITIALIZED_AUTOS = YES_AGGRESSIVE;
				GCC_WARN_UNUSED_FUNCTION = YES;
				GCC_WARN_UNUSED_VARIABLE = YES;
				IPHONEOS_DEPLOYMENT_TARGET = 9.3;
				MTL_ENABLE_DEBUG_INFO = YES;
				ONLY_ACTIVE_ARCH = YES;
				SDKROOT = iphoneos;
				SWIFT_OPTIMIZATION_LEVEL = "-Onone";
				TARGETED_DEVICE_FAMILY = "1,2";
			};
			name = Debug;
		};
		ADEBAA9A1D3F6AE40016C6EC /* Release */ = {
			isa = XCBuildConfiguration;
			buildSettings = {
				ALWAYS_SEARCH_USER_PATHS = NO;
				CLANG_ANALYZER_NONNULL = YES;
				CLANG_CXX_LANGUAGE_STANDARD = "gnu++0x";
				CLANG_CXX_LIBRARY = "libc++";
				CLANG_ENABLE_MODULES = YES;
				CLANG_ENABLE_OBJC_ARC = YES;
				CLANG_WARN_BOOL_CONVERSION = YES;
				CLANG_WARN_CONSTANT_CONVERSION = YES;
				CLANG_WARN_DIRECT_OBJC_ISA_USAGE = YES_ERROR;
				CLANG_WARN_EMPTY_BODY = YES;
				CLANG_WARN_ENUM_CONVERSION = YES;
				CLANG_WARN_INT_CONVERSION = YES;
				CLANG_WARN_OBJC_ROOT_CLASS = YES_ERROR;
				CLANG_WARN_UNREACHABLE_CODE = YES;
				CLANG_WARN__DUPLICATE_METHOD_MATCH = YES;
				"CODE_SIGN_IDENTITY[sdk=iphoneos*]" = "iPhone Developer";
				COPY_PHASE_STRIP = NO;
				DEBUG_INFORMATION_FORMAT = "dwarf-with-dsym";
				ENABLE_NS_ASSERTIONS = NO;
				ENABLE_STRICT_OBJC_MSGSEND = YES;
				GCC_C_LANGUAGE_STANDARD = gnu99;
				GCC_NO_COMMON_BLOCKS = YES;
				GCC_WARN_64_TO_32_BIT_CONVERSION = YES;
				GCC_WARN_ABOUT_RETURN_TYPE = YES_ERROR;
				GCC_WARN_UNDECLARED_SELECTOR = YES;
				GCC_WARN_UNINITIALIZED_AUTOS = YES_AGGRESSIVE;
				GCC_WARN_UNUSED_FUNCTION = YES;
				GCC_WARN_UNUSED_VARIABLE = YES;
				IPHONEOS_DEPLOYMENT_TARGET = 9.3;
				MTL_ENABLE_DEBUG_INFO = NO;
				SDKROOT = iphoneos;
				TARGETED_DEVICE_FAMILY = "1,2";
				VALIDATE_PRODUCT = YES;
			};
			name = Release;
		};
		ADEBAA9C1D3F6AE40016C6EC /* Debug */ = {
			isa = XCBuildConfiguration;
			baseConfigurationReference = BA576DC7EB1A00BC52C893AB /* Pods-Sample-Swift.debug.xcconfig */;
			buildSettings = {
				ASSETCATALOG_COMPILER_APPICON_NAME = AppIcon;
				INFOPLIST_FILE = "Sample-Swift/Info.plist";
				LD_RUNPATH_SEARCH_PATHS = "$(inherited) @executable_path/Frameworks";
				PRODUCT_BUNDLE_IDENTIFIER = "io.intercom.Sample-Swift";
				PRODUCT_NAME = "$(TARGET_NAME)";
			};
			name = Debug;
		};
		ADEBAA9D1D3F6AE40016C6EC /* Release */ = {
			isa = XCBuildConfiguration;
			baseConfigurationReference = 6EAAEED6D5BB60CE4306DC7D /* Pods-Sample-Swift.release.xcconfig */;
			buildSettings = {
				ASSETCATALOG_COMPILER_APPICON_NAME = AppIcon;
				INFOPLIST_FILE = "Sample-Swift/Info.plist";
				LD_RUNPATH_SEARCH_PATHS = "$(inherited) @executable_path/Frameworks";
				PRODUCT_BUNDLE_IDENTIFIER = "io.intercom.Sample-Swift";
				PRODUCT_NAME = "$(TARGET_NAME)";
			};
			name = Release;
		};
/* End XCBuildConfiguration section */

/* Begin XCConfigurationList section */
		ADEBAA841D3F6AE40016C6EC /* Build configuration list for PBXProject "Sample-Swift" */ = {
			isa = XCConfigurationList;
			buildConfigurations = (
				ADEBAA991D3F6AE40016C6EC /* Debug */,
				ADEBAA9A1D3F6AE40016C6EC /* Release */,
			);
			defaultConfigurationIsVisible = 0;
			defaultConfigurationName = Release;
		};
		ADEBAA9B1D3F6AE40016C6EC /* Build configuration list for PBXNativeTarget "Sample-Swift" */ = {
			isa = XCConfigurationList;
			buildConfigurations = (
				ADEBAA9C1D3F6AE40016C6EC /* Debug */,
				ADEBAA9D1D3F6AE40016C6EC /* Release */,
			);
			defaultConfigurationIsVisible = 0;
			defaultConfigurationName = Release;
		};
/* End XCConfigurationList section */
	};
	rootObject = ADEBAA811D3F6AE40016C6EC /* Project object */;
}
