// !$*UTF8*$!
{
	archiveVersion = 1;
	classes = {
	};
	objectVersion = 50;
	objects = {

/* Begin PBXBuildFile section */
		4C2F0476235DE0DD0067CDC4 /* Intercom.framework in Frameworks */ = {isa = PBXBuildFile; fileRef = 4C2F0474235DE0D40067CDC4 /* Intercom.framework */; };
		4C2F0477235DE0DD0067CDC4 /* Intercom.framework in Embed Frameworks */ = {isa = PBXBuildFile; fileRef = 4C2F0474235DE0D40067CDC4 /* Intercom.framework */; settings = {ATTRIBUTES = (CodeSignOnCopy, RemoveHeadersOnCopy, ); }; };
		4C5F16962346311600482726 /* AppDelegate.m in Sources */ = {isa = PBXBuildFile; fileRef = 4C5F16952346311600482726 /* AppDelegate.m */; };
		4C5F16992346311600482726 /* SceneDelegate.m in Sources */ = {isa = PBXBuildFile; fileRef = 4C5F16982346311600482726 /* SceneDelegate.m */; };
		4C5F169C2346311600482726 /* ViewController.m in Sources */ = {isa = PBXBuildFile; fileRef = 4C5F169B2346311600482726 /* ViewController.m */; };
		4C5F169F2346311600482726 /* Main.storyboard in Resources */ = {isa = PBXBuildFile; fileRef = 4C5F169D2346311600482726 /* Main.storyboard */; };
		4C5F16A12346311600482726 /* Assets.xcassets in Resources */ = {isa = PBXBuildFile; fileRef = 4C5F16A02346311600482726 /* Assets.xcassets */; };
		4C5F16A42346311600482726 /* LaunchScreen.storyboard in Resources */ = {isa = PBXBuildFile; fileRef = 4C5F16A22346311600482726 /* LaunchScreen.storyboard */; };
		4C5F16A72346311600482726 /* main.m in Sources */ = {isa = PBXBuildFile; fileRef = 4C5F16A62346311600482726 /* main.m */; };
/* End PBXBuildFile section */

/* Begin PBXCopyFilesBuildPhase section */
		4C5F16B12346323D00482726 /* Embed Frameworks */ = {
			isa = PBXCopyFilesBuildPhase;
			buildActionMask = 2147483647;
			dstPath = "";
			dstSubfolderSpec = 10;
			files = (
				4C2F0477235DE0DD0067CDC4 /* Intercom.framework in Embed Frameworks */,
			);
			name = "Embed Frameworks";
			runOnlyForDeploymentPostprocessing = 0;
		};
/* End PBXCopyFilesBuildPhase section */

/* Begin PBXFileReference section */
		4C2F0474235DE0D40067CDC4 /* Intercom.framework */ = {isa = PBXFileReference; lastKnownFileType = wrapper.framework; name = Intercom.framework; path = ../../Intercom.framework; sourceTree = "<group>"; };
		4C5F16912346311600482726 /* Sample-Objc-UISceneDelegate.app */ = {isa = PBXFileReference; explicitFileType = wrapper.application; includeInIndex = 0; path = "Sample-Objc-UISceneDelegate.app"; sourceTree = BUILT_PRODUCTS_DIR; };
		4C5F16942346311600482726 /* AppDelegate.h */ = {isa = PBXFileReference; lastKnownFileType = sourcecode.c.h; path = AppDelegate.h; sourceTree = "<group>"; };
		4C5F16952346311600482726 /* AppDelegate.m */ = {isa = PBXFileReference; lastKnownFileType = sourcecode.c.objc; path = AppDelegate.m; sourceTree = "<group>"; };
		4C5F16972346311600482726 /* SceneDelegate.h */ = {isa = PBXFileReference; lastKnownFileType = sourcecode.c.h; path = SceneDelegate.h; sourceTree = "<group>"; };
		4C5F16982346311600482726 /* SceneDelegate.m */ = {isa = PBXFileReference; lastKnownFileType = sourcecode.c.objc; path = SceneDelegate.m; sourceTree = "<group>"; };
		4C5F169A2346311600482726 /* ViewController.h */ = {isa = PBXFileReference; lastKnownFileType = sourcecode.c.h; path = ViewController.h; sourceTree = "<group>"; };
		4C5F169B2346311600482726 /* ViewController.m */ = {isa = PBXFileReference; lastKnownFileType = sourcecode.c.objc; path = ViewController.m; sourceTree = "<group>"; };
		4C5F169E2346311600482726 /* Base */ = {isa = PBXFileReference; lastKnownFileType = file.storyboard; name = Base; path = Base.lproj/Main.storyboard; sourceTree = "<group>"; };
		4C5F16A02346311600482726 /* Assets.xcassets */ = {isa = PBXFileReference; lastKnownFileType = folder.assetcatalog; path = Assets.xcassets; sourceTree = "<group>"; };
		4C5F16A32346311600482726 /* Base */ = {isa = PBXFileReference; lastKnownFileType = file.storyboard; name = Base; path = Base.lproj/LaunchScreen.storyboard; sourceTree = "<group>"; };
		4C5F16A52346311600482726 /* Info.plist */ = {isa = PBXFileReference; lastKnownFileType = text.plist.xml; path = Info.plist; sourceTree = "<group>"; };
		4C5F16A62346311600482726 /* main.m */ = {isa = PBXFileReference; lastKnownFileType = sourcecode.c.objc; path = main.m; sourceTree = "<group>"; };
/* End PBXFileReference section */

/* Begin PBXFrameworksBuildPhase section */
		4C5F168E2346311600482726 /* Frameworks */ = {
			isa = PBXFrameworksBuildPhase;
			buildActionMask = 2147483647;
			files = (
				4C2F0476235DE0DD0067CDC4 /* Intercom.framework in Frameworks */,
			);
			runOnlyForDeploymentPostprocessing = 0;
		};
/* End PBXFrameworksBuildPhase section */

/* Begin PBXGroup section */
		4C5F16882346311600482726 = {
			isa = PBXGroup;
			children = (
				4C2F0474235DE0D40067CDC4 /* Intercom.framework */,
				4C5F16932346311600482726 /* Sample-Objc-UISceneDelegate */,
				4C5F16922346311600482726 /* Products */,
			);
			sourceTree = "<group>";
		};
		4C5F16922346311600482726 /* Products */ = {
			isa = PBXGroup;
			children = (
				4C5F16912346311600482726 /* Sample-Objc-UISceneDelegate.app */,
			);
			name = Products;
			sourceTree = "<group>";
		};
		4C5F16932346311600482726 /* Sample-Objc-UISceneDelegate */ = {
			isa = PBXGroup;
			children = (
				4C5F16942346311600482726 /* AppDelegate.h */,
				4C5F16952346311600482726 /* AppDelegate.m */,
				4C5F16972346311600482726 /* SceneDelegate.h */,
				4C5F16982346311600482726 /* SceneDelegate.m */,
				4C5F169A2346311600482726 /* ViewController.h */,
				4C5F169B2346311600482726 /* ViewController.m */,
				4C5F169D2346311600482726 /* Main.storyboard */,
				4C5F16A02346311600482726 /* Assets.xcassets */,
				4C5F16A22346311600482726 /* LaunchScreen.storyboard */,
				4C5F16A52346311600482726 /* Info.plist */,
				4C5F16A62346311600482726 /* main.m */,
			);
			path = "Sample-Objc-UISceneDelegate";
			sourceTree = "<group>";
		};
/* End PBXGroup section */

/* Begin PBXNativeTarget section */
		4C5F16902346311600482726 /* Sample-Objc-UISceneDelegate */ = {
			isa = PBXNativeTarget;
			buildConfigurationList = 4C5F16AA2346311600482726 /* Build configuration list for PBXNativeTarget "Sample-Objc-UISceneDelegate" */;
			buildPhases = (
				4C5F168D2346311600482726 /* Sources */,
				4C5F168E2346311600482726 /* Frameworks */,
				4C5F168F2346311600482726 /* Resources */,
				4C5F16B12346323D00482726 /* Embed Frameworks */,
			);
			buildRules = (
			);
			dependencies = (
			);
			name = "Sample-Objc-UISceneDelegate";
			productName = "Sample-Objc-UISceneDelegate";
			productReference = 4C5F16912346311600482726 /* Sample-Objc-UISceneDelegate.app */;
			productType = "com.apple.product-type.application";
		};
/* End PBXNativeTarget section */

/* Begin PBXProject section */
		4C5F16892346311600482726 /* Project object */ = {
			isa = PBXProject;
			attributes = {
				LastUpgradeCheck = 1110;
				ORGANIZATIONNAME = Intercom;
				TargetAttributes = {
					4C5F16902346311600482726 = {
						CreatedOnToolsVersion = 11.1;
					};
				};
			};
			buildConfigurationList = 4C5F168C2346311600482726 /* Build configuration list for PBXProject "Sample-Objc-UISceneDelegate" */;
			compatibilityVersion = "Xcode 9.3";
			developmentRegion = en;
			hasScannedForEncodings = 0;
			knownRegions = (
				en,
				Base,
			);
			mainGroup = 4C5F16882346311600482726;
			productRefGroup = 4C5F16922346311600482726 /* Products */;
			projectDirPath = "";
			projectRoot = "";
			targets = (
				4C5F16902346311600482726 /* Sample-Objc-UISceneDelegate */,
			);
		};
/* End PBXProject section */

/* Begin PBXResourcesBuildPhase section */
		4C5F168F2346311600482726 /* Resources */ = {
			isa = PBXResourcesBuildPhase;
			buildActionMask = 2147483647;
			files = (
				4C5F16A42346311600482726 /* LaunchScreen.storyboard in Resources */,
				4C5F16A12346311600482726 /* Assets.xcassets in Resources */,
				4C5F169F2346311600482726 /* Main.storyboard in Resources */,
			);
			runOnlyForDeploymentPostprocessing = 0;
		};
/* End PBXResourcesBuildPhase section */

/* Begin PBXSourcesBuildPhase section */
		4C5F168D2346311600482726 /* Sources */ = {
			isa = PBXSourcesBuildPhase;
			buildActionMask = 2147483647;
			files = (
				4C5F169C2346311600482726 /* ViewController.m in Sources */,
				4C5F16962346311600482726 /* AppDelegate.m in Sources */,
				4C5F16A72346311600482726 /* main.m in Sources */,
				4C5F16992346311600482726 /* SceneDelegate.m in Sources */,
			);
			runOnlyForDeploymentPostprocessing = 0;
		};
/* End PBXSourcesBuildPhase section */

/* Begin PBXVariantGroup section */
		4C5F169D2346311600482726 /* Main.storyboard */ = {
			isa = PBXVariantGroup;
			children = (
				4C5F169E2346311600482726 /* Base */,
			);
			name = Main.storyboard;
			sourceTree = "<group>";
		};
		4C5F16A22346311600482726 /* LaunchScreen.storyboard */ = {
			isa = PBXVariantGroup;
			children = (
				4C5F16A32346311600482726 /* Base */,
			);
			name = LaunchScreen.storyboard;
			sourceTree = "<group>";
		};
/* End PBXVariantGroup section */

/* Begin XCBuildConfiguration section */
		4C5F16A82346311600482726 /* Debug */ = {
			isa = XCBuildConfiguration;
			buildSettings = {
				ALWAYS_SEARCH_USER_PATHS = NO;
				CLANG_ANALYZER_NONNULL = YES;
				CLANG_ANALYZER_NUMBER_OBJECT_CONVERSION = YES_AGGRESSIVE;
				CLANG_CXX_LANGUAGE_STANDARD = "gnu++14";
				CLANG_CXX_LIBRARY = "libc++";
				CLANG_ENABLE_MODULES = YES;
				CLANG_ENABLE_OBJC_ARC = YES;
				CLANG_ENABLE_OBJC_WEAK = YES;
				CLANG_WARN_BLOCK_CAPTURE_AUTORELEASING = YES;
				CLANG_WARN_BOOL_CONVERSION = YES;
				CLANG_WARN_COMMA = YES;
				CLANG_WARN_CONSTANT_CONVERSION = YES;
				CLANG_WARN_DEPRECATED_OBJC_IMPLEMENTATIONS = YES;
				CLANG_WARN_DIRECT_OBJC_ISA_USAGE = YES_ERROR;
				CLANG_WARN_DOCUMENTATION_COMMENTS = YES;
				CLANG_WARN_EMPTY_BODY = YES;
				CLANG_WARN_ENUM_CONVERSION = YES;
				CLANG_WARN_INFINITE_RECURSION = YES;
				CLANG_WARN_INT_CONVERSION = YES;
				CLANG_WARN_NON_LITERAL_NULL_CONVERSION = YES;
				CLANG_WARN_OBJC_IMPLICIT_RETAIN_SELF = YES;
				CLANG_WARN_OBJC_LITERAL_CONVERSION = YES;
				CLANG_WARN_OBJC_ROOT_CLASS = YES_ERROR;
				CLANG_WARN_RANGE_LOOP_ANALYSIS = YES;
				CLANG_WARN_STRICT_PROTOTYPES = YES;
				CLANG_WARN_SUSPICIOUS_MOVE = YES;
				CLANG_WARN_UNGUARDED_AVAILABILITY = YES_AGGRESSIVE;
				CLANG_WARN_UNREACHABLE_CODE = YES;
				CLANG_WARN__DUPLICATE_METHOD_MATCH = YES;
				COPY_PHASE_STRIP = NO;
				DEBUG_INFORMATION_FORMAT = dwarf;
				ENABLE_STRICT_OBJC_MSGSEND = YES;
				ENABLE_TESTABILITY = YES;
				GCC_C_LANGUAGE_STANDARD = gnu11;
				GCC_DYNAMIC_NO_PIC = NO;
				GCC_NO_COMMON_BLOCKS = YES;
				GCC_OPTIMIZATION_LEVEL = 0;
				GCC_PREPROCESSOR_DEFINITIONS = (
					"DEBUG=1",
					"$(inherited)",
				);
				GCC_WARN_64_TO_32_BIT_CONVERSION = YES;
				GCC_WARN_ABOUT_RETURN_TYPE = YES_ERROR;
				GCC_WARN_UNDECLARED_SELECTOR = YES;
				GCC_WARN_UNINITIALIZED_AUTOS = YES_AGGRESSIVE;
				GCC_WARN_UNUSED_FUNCTION = YES;
				GCC_WARN_UNUSED_VARIABLE = YES;
				IPHONEOS_DEPLOYMENT_TARGET = 13.1;
				MTL_ENABLE_DEBUG_INFO = INCLUDE_SOURCE;
				MTL_FAST_MATH = YES;
				ONLY_ACTIVE_ARCH = YES;
				SDKROOT = iphoneos;
			};
			name = Debug;
		};
		4C5F16A92346311600482726 /* Release */ = {
			isa = XCBuildConfiguration;
			buildSettings = {
				ALWAYS_SEARCH_USER_PATHS = NO;
				CLANG_ANALYZER_NONNULL = YES;
				CLANG_ANALYZER_NUMBER_OBJECT_CONVERSION = YES_AGGRESSIVE;
				CLANG_CXX_LANGUAGE_STANDARD = "gnu++14";
				CLANG_CXX_LIBRARY = "libc++";
				CLANG_ENABLE_MODULES = YES;
				CLANG_ENABLE_OBJC_ARC = YES;
				CLANG_ENABLE_OBJC_WEAK = YES;
				CLANG_WARN_BLOCK_CAPTURE_AUTORELEASING = YES;
				CLANG_WARN_BOOL_CONVERSION = YES;
				CLANG_WARN_COMMA = YES;
				CLANG_WARN_CONSTANT_CONVERSION = YES;
				CLANG_WARN_DEPRECATED_OBJC_IMPLEMENTATIONS = YES;
				CLANG_WARN_DIRECT_OBJC_ISA_USAGE = YES_ERROR;
				CLANG_WARN_DOCUMENTATION_COMMENTS = YES;
				CLANG_WARN_EMPTY_BODY = YES;
				CLANG_WARN_ENUM_CONVERSION = YES;
				CLANG_WARN_INFINITE_RECURSION = YES;
				CLANG_WARN_INT_CONVERSION = YES;
				CLANG_WARN_NON_LITERAL_NULL_CONVERSION = YES;
				CLANG_WARN_OBJC_IMPLICIT_RETAIN_SELF = YES;
				CLANG_WARN_OBJC_LITERAL_CONVERSION = YES;
				CLANG_WARN_OBJC_ROOT_CLASS = YES_ERROR;
				CLANG_WARN_RANGE_LOOP_ANALYSIS = YES;
				CLANG_WARN_STRICT_PROTOTYPES = YES;
				CLANG_WARN_SUSPICIOUS_MOVE = YES;
				CLANG_WARN_UNGUARDED_AVAILABILITY = YES_AGGRESSIVE;
				CLANG_WARN_UNREACHABLE_CODE = YES;
				CLANG_WARN__DUPLICATE_METHOD_MATCH = YES;
				COPY_PHASE_STRIP = NO;
				DEBUG_INFORMATION_FORMAT = "dwarf-with-dsym";
				ENABLE_NS_ASSERTIONS = NO;
				ENABLE_STRICT_OBJC_MSGSEND = YES;
				GCC_C_LANGUAGE_STANDARD = gnu11;
				GCC_NO_COMMON_BLOCKS = YES;
				GCC_WARN_64_TO_32_BIT_CONVERSION = YES;
				GCC_WARN_ABOUT_RETURN_TYPE = YES_ERROR;
				GCC_WARN_UNDECLARED_SELECTOR = YES;
				GCC_WARN_UNINITIALIZED_AUTOS = YES_AGGRESSIVE;
				GCC_WARN_UNUSED_FUNCTION = YES;
				GCC_WARN_UNUSED_VARIABLE = YES;
				IPHONEOS_DEPLOYMENT_TARGET = 13.1;
				MTL_ENABLE_DEBUG_INFO = NO;
				MTL_FAST_MATH = YES;
				SDKROOT = iphoneos;
				VALIDATE_PRODUCT = YES;
			};
			name = Release;
		};
		4C5F16AB2346311600482726 /* Debug */ = {
			isa = XCBuildConfiguration;
			buildSettings = {
				ASSETCATALOG_COMPILER_APPICON_NAME = AppIcon;
				CODE_SIGN_STYLE = Automatic;
				FRAMEWORK_SEARCH_PATHS = (
					"$(inherited)",
					"$(PROJECT_DIR)/../../",
				);
				INFOPLIST_FILE = "Sample-Objc-UISceneDelegate/Info.plist";
				LD_RUNPATH_SEARCH_PATHS = (
					"$(inherited)",
					"@executable_path/Frameworks",
				);
				PRODUCT_BUNDLE_IDENTIFIER = "com.intercom.Sample-Objc-UISceneDelegate";
				PRODUCT_NAME = "$(TARGET_NAME)";
				TARGETED_DEVICE_FAMILY = "1,2";
			};
			name = Debug;
		};
		4C5F16AC2346311600482726 /* Release */ = {
			isa = XCBuildConfiguration;
			buildSettings = {
				ASSETCATALOG_COMPILER_APPICON_NAME = AppIcon;
				CODE_SIGN_STYLE = Automatic;
				FRAMEWORK_SEARCH_PATHS = (
					"$(inherited)",
					"$(PROJECT_DIR)/../../",
				);
				INFOPLIST_FILE = "Sample-Objc-UISceneDelegate/Info.plist";
				LD_RUNPATH_SEARCH_PATHS = (
					"$(inherited)",
					"@executable_path/Frameworks",
				);
				PRODUCT_BUNDLE_IDENTIFIER = "com.intercom.Sample-Objc-UISceneDelegate";
				PRODUCT_NAME = "$(TARGET_NAME)";
				TARGETED_DEVICE_FAMILY = "1,2";
			};
			name = Release;
		};
/* End XCBuildConfiguration section */

/* Begin XCConfigurationList section */
		4C5F168C2346311600482726 /* Build configuration list for PBXProject "Sample-Objc-UISceneDelegate" */ = {
			isa = XCConfigurationList;
			buildConfigurations = (
				4C5F16A82346311600482726 /* Debug */,
				4C5F16A92346311600482726 /* Release */,
			);
			defaultConfigurationIsVisible = 0;
			defaultConfigurationName = Release;
		};
		4C5F16AA2346311600482726 /* Build configuration list for PBXNativeTarget "Sample-Objc-UISceneDelegate" */ = {
			isa = XCConfigurationList;
			buildConfigurations = (
				4C5F16AB2346311600482726 /* Debug */,
				4C5F16AC2346311600482726 /* Release */,
			);
			defaultConfigurationIsVisible = 0;
			defaultConfigurationName = Release;
		};
/* End XCConfigurationList section */
	};
	rootObject = 4C5F16892346311600482726 /* Project object */;
}
